// !$*UTF8*$!
{
	archiveVersion = 1;
	classes = {
	};
	objectVersion = 46;
	objects = {

/* Begin PBXGroup section */
		D8F3C5B917B17C7B00E54158 = {
			isa = PBXGroup;
			children = (
			);
			sourceTree = "<group>";
		};
/* End PBXGroup section */

/* Begin PBXProject section */
		D8F3C5BB17B17C7B00E54158 /* Project object */ = {
			isa = PBXProject;
			attributes = {
				LastUpgradeCheck = 0420;
			};
			buildConfigurationList = D8F3C5BE17B17C7B00E54158 /* Build configuration list for PBXProject "PONG4" */;
			compatibilityVersion = "Xcode 3.2";
			developmentRegion = English;
			hasScannedForEncodings = 0;
			knownRegions = (
				en,
			);
			mainGroup = D8F3C5B917B17C7B00E54158;
			projectDirPath = "";
			projectRoot = "";
			targets = (
			);
		};
/* End PBXProject section */

/* Begin XCBuildConfiguration section */
		D8F3C5C017B17C7B00E54158 /* Debug */ = {
			isa = XCBuildConfiguration;
			buildSettings = {
			};
			name = Debug;
		};
		D8F3C5C117B17C7B00E54158 /* Release */ = {
			isa = XCBuildConfiguration;
			buildSettings = {
			};
			name = Release;
		};
/* End XCBuildConfiguration section */

/* Begin XCConfigurationList section */
		D8F3C5BE17B17C7B00E54158 /* Build configuration list for PBXProject "PONG4" */ = {
			isa = XCConfigurationList;
			buildConfigurations = (
				D8F3C5C017B17C7B00E54158 /* Debug */,
				D8F3C5C117B17C7B00E54158 /* Release */,
			);
			defaultConfigurationIsVisible = 0;
			defaultConfigurationName = Release;
		};
/* End XCConfigurationList section */
	};
	rootObject = D8F3C5BB17B17C7B00E54158 /* Project object */;
}
